
Microsoft Visual Studio Solution File, Format Version 12.00
# Visual Studio 15
VisualStudioVersion = 15.0.28307.1267
MinimumVisualStudioVersion = 10.0.40219.1
Project("{FAE04EC0-301F-11D3-BF4B-00C04F79EFBC}") = "POO_WIN_CL2_EXAMEN", "POO_WIN_CL2_EXAMEN\POO_WIN_CL2_EXAMEN.csproj", "{E9112229-1F20-4320-AFA0-3793CDFE5120}"
EndProject
Global
	GlobalSection(SolutionConfigurationPlatforms) = preSolution
		Debug|Any CPU = Debug|Any CPU
		Release|Any CPU = Release|Any CPU
	EndGlobalSection
	GlobalSection(ProjectConfigurationPlatforms) = postSolution
		{E9112229-1F20-4320-AFA0-3793CDFE5120}.Debug|Any CPU.ActiveCfg = Debug|Any CPU
		{E9112229-1F20-4320-AFA0-3793CDFE5120}.Debug|Any CPU.Build.0 = Debug|Any CPU
		{E9112229-1F20-4320-AFA0-3793CDFE5120}.Release|Any CPU.ActiveCfg = Release|Any CPU
		{E9112229-1F20-4320-AFA0-3793CDFE5120}.Release|Any CPU.Build.0 = Release|Any CPU
	EndGlobalSection
	GlobalSection(SolutionProperties) = preSolution
		HideSolutionNode = FALSE
	EndGlobalSection
	GlobalSection(ExtensibilityGlobals) = postSolution
		SolutionGuid = {78281ED7-7500-4C0F-9114-0BFB64CC0629}
	EndGlobalSection
EndGlobal
